
Microsoft Visual Studio Solution File, Format Version 12.00
# Visual Studio Version 17
VisualStudioVersion = 17.1.32319.34
MinimumVisualStudioVersion = 10.0.40219.1
Project("{FAE04EC0-301F-11D3-BF4B-00C04F79EFBC}") = "Simplest Crypto Converter.Android", "Simplest Crypto Converter.Android\Simplest Crypto Converter.Android.csproj", "{8129C83F-5636-4FA3-95F7-CF5EE13AB839}"
EndProject
Project("{FAE04EC0-301F-11D3-BF4B-00C04F79EFBC}") = "Simplest Crypto Converter.iOS", "Simplest Crypto Converter.iOS\Simplest Crypto Converter.iOS.csproj", "{61CE8FA0-CB3F-4932-AAB7-6479AB8086F2}"
EndProject
Project("{FAE04EC0-301F-11D3-BF4B-00C04F79EFBC}") = "Simplest Crypto Converter", "Simplest Crypto Converter\Simplest Crypto Converter.csproj", "{59508A2E-69D6-49B9-88CB-29587703250B}"
EndProject
Global
	GlobalSection(SolutionConfigurationPlatforms) = preSolution
		Debug|Any CPU = Debug|Any CPU
		Debug|iPhone = Debug|iPhone
		Debug|iPhoneSimulator = Debug|iPhoneSimulator
		Release|Any CPU = Release|Any CPU
		Release|iPhone = Release|iPhone
		Release|iPhoneSimulator = Release|iPhoneSimulator
	EndGlobalSection
	GlobalSection(ProjectConfigurationPlatforms) = postSolution
		{8129C83F-5636-4FA3-95F7-CF5EE13AB839}.Debug|Any CPU.ActiveCfg = Debug|Any CPU
		{8129C83F-5636-4FA3-95F7-CF5EE13AB839}.Debug|Any CPU.Build.0 = Debug|Any CPU
		{8129C83F-5636-4FA3-95F7-CF5EE13AB839}.Debug|Any CPU.Deploy.0 = Debug|Any CPU
		{8129C83F-5636-4FA3-95F7-CF5EE13AB839}.Debug|iPhone.ActiveCfg = Debug|Any CPU
		{8129C83F-5636-4FA3-95F7-CF5EE13AB839}.Debug|iPhone.Build.0 = Debug|Any CPU
		{8129C83F-5636-4FA3-95F7-CF5EE13AB839}.Debug|iPhone.Deploy.0 = Debug|Any CPU
		{8129C83F-5636-4FA3-95F7-CF5EE13AB839}.Debug|iPhoneSimulator.ActiveCfg = Debug|Any CPU
		{8129C83F-5636-4FA3-95F7-CF5EE13AB839}.Debug|iPhoneSimulator.Build.0 = Debug|Any CPU
		{8129C83F-5636-4FA3-95F7-CF5EE13AB839}.Debug|iPhoneSimulator.Deploy.0 = Debug|Any CPU
		{8129C83F-5636-4FA3-95F7-CF5EE13AB839}.Release|Any CPU.ActiveCfg = Release|Any CPU
		{8129C83F-5636-4FA3-95F7-CF5EE13AB839}.Release|Any CPU.Build.0 = Release|Any CPU
		{8129C83F-5636-4FA3-95F7-CF5EE13AB839}.Release|Any CPU.Deploy.0 = Release|Any CPU
		{8129C83F-5636-4FA3-95F7-CF5EE13AB839}.Release|iPhone.ActiveCfg = Release|Any CPU
		{8129C83F-5636-4FA3-95F7-CF5EE13AB839}.Release|iPhone.Build.0 = Release|Any CPU
		{8129C83F-5636-4FA3-95F7-CF5EE13AB839}.Release|iPhone.Deploy.0 = Release|Any CPU
		{8129C83F-5636-4FA3-95F7-CF5EE13AB839}.Release|iPhoneSimulator.ActiveCfg = Release|Any CPU
		{8129C83F-5636-4FA3-95F7-CF5EE13AB839}.Release|iPhoneSimulator.Build.0 = Release|Any CPU
		{8129C83F-5636-4FA3-95F7-CF5EE13AB839}.Release|iPhoneSimulator.Deploy.0 = Release|Any CPU
		{61CE8FA0-CB3F-4932-AAB7-6479AB8086F2}.Debug|Any CPU.ActiveCfg = Debug|iPhone
		{61CE8FA0-CB3F-4932-AAB7-6479AB8086F2}.Debug|Any CPU.Build.0 = Debug|iPhone
		{61CE8FA0-CB3F-4932-AAB7-6479AB8086F2}.Debug|Any CPU.Deploy.0 = Debug|iPhone
		{61CE8FA0-CB3F-4932-AAB7-6479AB8086F2}.Debug|iPhone.ActiveCfg = Debug|iPhone
		{61CE8FA0-CB3F-4932-AAB7-6479AB8086F2}.Debug|iPhone.Build.0 = Debug|iPhone
		{61CE8FA0-CB3F-4932-AAB7-6479AB8086F2}.Debug|iPhone.Deploy.0 = Debug|iPhone
		{61CE8FA0-CB3F-4932-AAB7-6479AB8086F2}.Debug|iPhoneSimulator.ActiveCfg = Debug|iPhoneSimulator
		{61CE8FA0-CB3F-4932-AAB7-6479AB8086F2}.Debug|iPhoneSimulator.Build.0 = Debug|iPhoneSimulator
		{61CE8FA0-CB3F-4932-AAB7-6479AB8086F2}.Debug|iPhoneSimulator.Deploy.0 = Debug|iPhoneSimulator
		{61CE8FA0-CB3F-4932-AAB7-6479AB8086F2}.Release|Any CPU.ActiveCfg = Release|iPhoneSimulator
		{61CE8FA0-CB3F-4932-AAB7-6479AB8086F2}.Release|Any CPU.Build.0 = Release|iPhoneSimulator
		{61CE8FA0-CB3F-4932-AAB7-6479AB8086F2}.Release|Any CPU.Deploy.0 = Release|iPhoneSimulator
		{61CE8FA0-CB3F-4932-AAB7-6479AB8086F2}.Release|iPhone.ActiveCfg = Release|iPhone
		{61CE8FA0-CB3F-4932-AAB7-6479AB8086F2}.Release|iPhone.Build.0 = Release|iPhone
		{61CE8FA0-CB3F-4932-AAB7-6479AB8086F2}.Release|iPhone.Deploy.0 = Release|iPhone
		{61CE8FA0-CB3F-4932-AAB7-6479AB8086F2}.Release|iPhoneSimulator.ActiveCfg = Release|iPhoneSimulator
		{61CE8FA0-CB3F-4932-AAB7-6479AB8086F2}.Release|iPhoneSimulator.Build.0 = Release|iPhoneSimulator
		{61CE8FA0-CB3F-4932-AAB7-6479AB8086F2}.Release|iPhoneSimulator.Deploy.0 = Release|iPhoneSimulator
		{59508A2E-69D6-49B9-88CB-29587703250B}.Debug|Any CPU.ActiveCfg = Debug|Any CPU
		{59508A2E-69D6-49B9-88CB-29587703250B}.Debug|Any CPU.Build.0 = Debug|Any CPU
		{59508A2E-69D6-49B9-88CB-29587703250B}.Debug|Any CPU.Deploy.0 = Debug|Any CPU
		{59508A2E-69D6-49B9-88CB-29587703250B}.Debug|iPhone.ActiveCfg = Debug|Any CPU
		{59508A2E-69D6-49B9-88CB-29587703250B}.Debug|iPhone.Build.0 = Debug|Any CPU
		{59508A2E-69D6-49B9-88CB-29587703250B}.Debug|iPhone.Deploy.0 = Debug|Any CPU
		{59508A2E-69D6-49B9-88CB-29587703250B}.Debug|iPhoneSimulator.ActiveCfg = Debug|Any CPU
		{59508A2E-69D6-49B9-88CB-29587703250B}.Debug|iPhoneSimulator.Build.0 = Debug|Any CPU
		{59508A2E-69D6-49B9-88CB-29587703250B}.Debug|iPhoneSimulator.Deploy.0 = Debug|Any CPU
		{59508A2E-69D6-49B9-88CB-29587703250B}.Release|Any CPU.ActiveCfg = Release|Any CPU
		{59508A2E-69D6-49B9-88CB-29587703250B}.Release|Any CPU.Build.0 = Release|Any CPU
		{59508A2E-69D6-49B9-88CB-29587703250B}.Release|Any CPU.Deploy.0 = Release|Any CPU
		{59508A2E-69D6-49B9-88CB-29587703250B}.Release|iPhone.ActiveCfg = Release|Any CPU
		{59508A2E-69D6-49B9-88CB-29587703250B}.Release|iPhone.Build.0 = Release|Any CPU
		{59508A2E-69D6-49B9-88CB-29587703250B}.Release|iPhone.Deploy.0 = Release|Any CPU
		{59508A2E-69D6-49B9-88CB-29587703250B}.Release|iPhoneSimulator.ActiveCfg = Release|Any CPU
		{59508A2E-69D6-49B9-88CB-29587703250B}.Release|iPhoneSimulator.Build.0 = Release|Any CPU
		{59508A2E-69D6-49B9-88CB-29587703250B}.Release|iPhoneSimulator.Deploy.0 = Release|Any CPU
	EndGlobalSection
	GlobalSection(SolutionProperties) = preSolution
		HideSolutionNode = FALSE
	EndGlobalSection
	GlobalSection(ExtensibilityGlobals) = postSolution
		SolutionGuid = {7DCDA3BA-79C5-496F-9A6D-E91C00246E8A}
	EndGlobalSection
EndGlobal
